
Microsoft Visual Studio Solution File, Format Version 12.00
# Visual Studio Version 17
VisualStudioVersion = 17.4.33205.214
MinimumVisualStudioVersion = 10.0.40219.1
Project("{FAE04EC0-301F-11D3-BF4B-00C04F79EFBC}") = "ScheduleBuilder", "ScheduleBuilder.csproj", "{FE365B97-2BA3-4992-9C2B-8D48E916B804}"
EndProject
Global
	GlobalSection(SolutionConfigurationPlatforms) = preSolution
		Debug|Any CPU = Debug|Any CPU
		Release|Any CPU = Release|Any CPU
	EndGlobalSection
	GlobalSection(ProjectConfigurationPlatforms) = postSolution
		{FE365B97-2BA3-4992-9C2B-8D48E916B804}.Debug|Any CPU.ActiveCfg = Debug|Any CPU
		{FE365B97-2BA3-4992-9C2B-8D48E916B804}.Debug|Any CPU.Build.0 = Debug|Any CPU
		{FE365B97-2BA3-4992-9C2B-8D48E916B804}.Release|Any CPU.ActiveCfg = Release|Any CPU
		{FE365B97-2BA3-4992-9C2B-8D48E916B804}.Release|Any CPU.Build.0 = Release|Any CPU
	EndGlobalSection
	GlobalSection(SolutionProperties) = preSolution
		HideSolutionNode = FALSE
	EndGlobalSection
	GlobalSection(ExtensibilityGlobals) = postSolution
		SolutionGuid = {8ACB0B75-EEC9-4324-AC06-0396DC3F3DCD}
	EndGlobalSection
EndGlobal
